
Microsoft Visual Studio Solution File, Format Version 12.00
# Visual Studio Version 16
VisualStudioVersion = 16.0.31112.23
MinimumVisualStudioVersion = 10.0.40219.1
Project("{FAE04EC0-301F-11D3-BF4B-00C04F79EFBC}") = "DB_mini_Project", "DB_mini_Project\DB_mini_Project.csproj", "{37FA75B5-71A7-4A43-92EB-C285FC334E93}"
EndProject
Global
	GlobalSection(SolutionConfigurationPlatforms) = preSolution
		Debug|Any CPU = Debug|Any CPU
		Release|Any CPU = Release|Any CPU
	EndGlobalSection
	GlobalSection(ProjectConfigurationPlatforms) = postSolution
		{37FA75B5-71A7-4A43-92EB-C285FC334E93}.Debug|Any CPU.ActiveCfg = Debug|Any CPU
		{37FA75B5-71A7-4A43-92EB-C285FC334E93}.Debug|Any CPU.Build.0 = Debug|Any CPU
		{37FA75B5-71A7-4A43-92EB-C285FC334E93}.Release|Any CPU.ActiveCfg = Release|Any CPU
		{37FA75B5-71A7-4A43-92EB-C285FC334E93}.Release|Any CPU.Build.0 = Release|Any CPU
	EndGlobalSection
	GlobalSection(SolutionProperties) = preSolution
		HideSolutionNode = FALSE
	EndGlobalSection
	GlobalSection(ExtensibilityGlobals) = postSolution
		SolutionGuid = {554E9A03-693A-4061-9698-0F9CAB13A3C0}
	EndGlobalSection
EndGlobal
